<?xml version="1.0" encoding="utf-8"?>
<Project xmlns="http://schemas.microsoft.com/developer/msbuild/2003">
  <ItemGroup>
    <Filter Include="Form Files">
      <UniqueIdentifier>{99349809-55BA-4b9d-BF79-8FDBB0286EB3}</UniqueIdentifier>
      <Extensions>ui</Extensions>
      <ParseFiles>false</ParseFiles>
    </Filter>
    <Filter Include="Form Files">
      <UniqueIdentifier>{99349809-55BA-4b9d-BF79-8FDBB0286EB3}</UniqueIdentifier>
      <Extensions>ui</Extensions>
      <ParseFiles>false</ParseFiles>
    </Filter>
    <Filter Include="Generated Files">
      <UniqueIdentifier>{71ED8ED8-ACB9-4CE9-BBE1-E00B30144E11}</UniqueIdentifier>
      <Extensions>cpp;c;cxx;moc;h;def;odl;idl;res;</Extensions>
    </Filter>
    <Filter Include="Header Files">
      <UniqueIdentifier>{93995380-89BD-4b04-88EB-625FBE52EBFB}</UniqueIdentifier>
      <Extensions>h;hpp;hxx;hm;inl;inc;xsd</Extensions>
    </Filter>
    <Filter Include="Header Files">
      <UniqueIdentifier>{93995380-89BD-4b04-88EB-625FBE52EBFB}</UniqueIdentifier>
      <Extensions>h;hpp;hxx;hm;inl;inc;xsd</Extensions>
    </Filter>
    <Filter Include="Source Files">
      <UniqueIdentifier>{4FC737F1-C7A5-4376-A066-2A32D752A2FF}</UniqueIdentifier>
      <Extensions>cpp;c;cxx;def;odl;idl;hpj;bat;asm;asmx</Extensions>
    </Filter>
    <Filter Include="Source Files">
      <UniqueIdentifier>{4FC737F1-C7A5-4376-A066-2A32D752A2FF}</UniqueIdentifier>
      <Extensions>cpp;c;cxx;def;odl;idl;hpj;bat;asm;asmx</Extensions>
    </Filter>
  </ItemGroup>
  <ItemGroup>
    <ClCompile Include="main.cpp">
      <Filter>Source Files</Filter>
    </ClCompile>
    <ClCompile Include="wardenfort.cpp">
      <Filter>Source Files</Filter>
    </ClCompile>
    <ClCompile Include="accountsettings.cpp">
      <Filter>Source Files</Filter>
    </ClCompile>
    <ClCompile Include="..\..\..\..\..\GITHUB-FETCHED\updated-login\login\alertnotif.cpp">
      <Filter>Source Files</Filter>
    </ClCompile>
    <ClCompile Include="enter.cpp">
      <Filter>Source Files</Filter>
    </ClCompile>
    <ClCompile Include="forgotpass.cpp">
      <Filter>Source Files</Filter>
    </ClCompile>
    <ClCompile Include="login.cpp">
      <Filter>Source Files</Filter>
    </ClCompile>
    <ClCompile Include="loginsession.cpp">
      <Filter>Source Files</Filter>
    </ClCompile>
    <ClCompile Include="otp.cpp">
      <Filter>Source Files</Filter>
    </ClCompile>
    <ClCompile Include="passwordsec.cpp">
      <Filter>Source Files</Filter>
    </ClCompile>
    <ClCompile Include="signup.cpp">
      <Filter>Source Files</Filter>
    </ClCompile>
  </ItemGroup>
  <ItemGroup>
    <QtMoc Include="wardenfort.h">
      <Filter>Header Files</Filter>
    </QtMoc>
    <QtMoc Include="accountsettings.h">
      <Filter>Header Files</Filter>
    </QtMoc>
    <QtMoc Include="..\..\..\..\..\GITHUB-FETCHED\updated-login\login\alertnotif.h">
      <Filter>Header Files</Filter>
    </QtMoc>
    <QtMoc Include="enter.h">
      <Filter>Header Files</Filter>
    </QtMoc>
    <QtMoc Include="forgotpass.h">
      <Filter>Header Files</Filter>
    </QtMoc>
    <QtMoc Include="login.h">
      <Filter>Header Files</Filter>
    </QtMoc>
    <QtMoc Include="otp.h">
      <Filter>Header Files</Filter>
    </QtMoc>
    <QtMoc Include="passwordsec.h">
      <Filter>Header Files</Filter>
    </QtMoc>
    <QtMoc Include="signup.h">
      <Filter>Header Files</Filter>
    </QtMoc>
  </ItemGroup>
  <ItemGroup>
    <QtUic Include="wardenfort.ui">
      <Filter>Form Files</Filter>
    </QtUic>
    <QtUic Include="..\..\..\..\..\GITHUB-FETCHED\updated-login\login\alertnotif.ui">
      <Filter>Form Files</Filter>
    </QtUic>
    <QtUic Include="accountsettings.ui">
      <Filter>Form Files</Filter>
    </QtUic>
    <QtUic Include="enter.ui">
      <Filter>Form Files</Filter>
    </QtUic>
    <QtUic Include="forgotpass.ui">
      <Filter>Form Files</Filter>
    </QtUic>
    <QtUic Include="login.ui">
      <Filter>Form Files</Filter>
    </QtUic>
    <QtUic Include="otp.ui">
      <Filter>Form Files</Filter>
    </QtUic>
    <QtUic Include="passwordsec.ui">
      <Filter>Form Files</Filter>
    </QtUic>
    <QtUic Include="signup.ui">
      <Filter>Form Files</Filter>
    </QtUic>
  </ItemGroup>
  <ItemGroup>
    <QtRcc Include="wardenfort.qrc" />
  </ItemGroup>
  <ItemGroup>
    <ClInclude Include="loginsession.h">
      <Filter>Header Files</Filter>
    </ClInclude>
  </ItemGroup>
</Project>